
Microsoft Visual Studio Solution File, Format Version 12.00
# Visual Studio Version 16
VisualStudioVersion = 16.0.30804.86
MinimumVisualStudioVersion = 10.0.40219.1
Project("{2150E333-8FDC-42A3-9474-1A3956D46DE8}") = "src", "src", "{3557AA18-C5C1-4C91-B831-399FCA9937DB}"
EndProject
Project("{2150E333-8FDC-42A3-9474-1A3956D46DE8}") = "Catalog", "Catalog", "{A8DE8563-D32F-449B-BE1C-FDFF6B2743C9}"
EndProject
Project("{FAE04EC0-301F-11D3-BF4B-00C04F79EFBC}") = "Catalog.API", "src\Catalog\Catalog.API\Catalog.API.csproj", "{A6F3A9FA-046E-4049-8DDE-2947A1AB9AA1}"
EndProject
Global
	GlobalSection(SolutionConfigurationPlatforms) = preSolution
		Debug|Any CPU = Debug|Any CPU
		Release|Any CPU = Release|Any CPU
	EndGlobalSection
	GlobalSection(ProjectConfigurationPlatforms) = postSolution
		{A6F3A9FA-046E-4049-8DDE-2947A1AB9AA1}.Debug|Any CPU.ActiveCfg = Debug|Any CPU
		{A6F3A9FA-046E-4049-8DDE-2947A1AB9AA1}.Debug|Any CPU.Build.0 = Debug|Any CPU
		{A6F3A9FA-046E-4049-8DDE-2947A1AB9AA1}.Release|Any CPU.ActiveCfg = Release|Any CPU
		{A6F3A9FA-046E-4049-8DDE-2947A1AB9AA1}.Release|Any CPU.Build.0 = Release|Any CPU
	EndGlobalSection
	GlobalSection(SolutionProperties) = preSolution
		HideSolutionNode = FALSE
	EndGlobalSection
	GlobalSection(NestedProjects) = preSolution
		{A8DE8563-D32F-449B-BE1C-FDFF6B2743C9} = {3557AA18-C5C1-4C91-B831-399FCA9937DB}
		{A6F3A9FA-046E-4049-8DDE-2947A1AB9AA1} = {A8DE8563-D32F-449B-BE1C-FDFF6B2743C9}
	EndGlobalSection
	GlobalSection(ExtensibilityGlobals) = postSolution
		SolutionGuid = {97F90C11-4E17-4DDF-BB13-A65373FBB804}
	EndGlobalSection
EndGlobal
